
Microsoft Visual Studio Solution File, Format Version 12.00
# Visual Studio Version 17
VisualStudioVersion = 17.10.34916.146
MinimumVisualStudioVersion = 10.0.40219.1
Project("{FAE04EC0-301F-11D3-BF4B-00C04F79EFBC}") = "Oracle8.23.40Bug", "Oracle8.23.40Bug.csproj", "{22ED4C42-8909-4731-B0CF-C03AF7070BE0}"
EndProject
Global
	GlobalSection(SolutionConfigurationPlatforms) = preSolution
		Debug|Any CPU = Debug|Any CPU
		Release|Any CPU = Release|Any CPU
	EndGlobalSection
	GlobalSection(ProjectConfigurationPlatforms) = postSolution
		{22ED4C42-8909-4731-B0CF-C03AF7070BE0}.Debug|Any CPU.ActiveCfg = Debug|Any CPU
		{22ED4C42-8909-4731-B0CF-C03AF7070BE0}.Debug|Any CPU.Build.0 = Debug|Any CPU
		{22ED4C42-8909-4731-B0CF-C03AF7070BE0}.Release|Any CPU.ActiveCfg = Release|Any CPU
		{22ED4C42-8909-4731-B0CF-C03AF7070BE0}.Release|Any CPU.Build.0 = Release|Any CPU
	EndGlobalSection
	GlobalSection(SolutionProperties) = preSolution
		HideSolutionNode = FALSE
	EndGlobalSection
	GlobalSection(ExtensibilityGlobals) = postSolution
		SolutionGuid = {52B289D3-D203-47FB-B91E-149428F43B02}
	EndGlobalSection
EndGlobal
